{
  "name": "website",
  "lockfileVersion": 2,
  "requires": true,
  "packages": {
    "": {
      "dependencies": {
        "axist": "^0.0.4"
      }
    },
    "node_modules/axist": {
      "version": "0.0.4",
      "resolved": "https://registry.npmjs.org/axist/-/axist-0.0.4.tgz",
      "integrity": "sha512-yqkdAxOHanv/WMA2XXGNzUsf5K8/TxZm4t4CYHE9qcZfUP4Q44udQIXoH1KEq53N3LL+FKPAGLkqUwdD1AGA9w=="
    }
  },
  "dependencies": {
    "axist": {
      "version": "0.0.4",
      "resolved": "https://registry.npmjs.org/axist/-/axist-0.0.4.tgz",
      "integrity": "sha512-yqkdAxOHanv/WMA2XXGNzUsf5K8/TxZm4t4CYHE9qcZfUP4Q44udQIXoH1KEq53N3LL+FKPAGLkqUwdD1AGA9w=="
    }
  }
}
